// !$*UTF8*$!
{
	archiveVersion = 1;
	classes = {
	};
	objectVersion = 51;
	objects = {

/* Begin PBXBuildFile section */
		9DF9590F6AE0DCB6B5D3B09B /* Pods_CouPlan.framework in Frameworks */ = {isa = PBXBuildFile; fileRef = 53FD5193EAD2DD4BC13FAD38 /* Pods_CouPlan.framework */; };
		E004639726F5E93000422560 /* AppDelegate.swift in Sources */ = {isa = PBXBuildFile; fileRef = E004639626F5E93000422560 /* AppDelegate.swift */; };
		E004639926F5E93000422560 /* SceneDelegate.swift in Sources */ = {isa = PBXBuildFile; fileRef = E004639826F5E93000422560 /* SceneDelegate.swift */; };
		E004639B26F5E93000422560 /* SettingsViewController.swift in Sources */ = {isa = PBXBuildFile; fileRef = E004639A26F5E93000422560 /* SettingsViewController.swift */; };
		E004639E26F5E93000422560 /* Main.storyboard in Resources */ = {isa = PBXBuildFile; fileRef = E004639C26F5E93000422560 /* Main.storyboard */; };
		E00463A026F5E93300422560 /* Assets.xcassets in Resources */ = {isa = PBXBuildFile; fileRef = E004639F26F5E93300422560 /* Assets.xcassets */; };
		E00463A326F5E93300422560 /* LaunchScreen.storyboard in Resources */ = {isa = PBXBuildFile; fileRef = E00463A126F5E93300422560 /* LaunchScreen.storyboard */; };
		E00463AE26F5E93400422560 /* CouPlanTests.swift in Sources */ = {isa = PBXBuildFile; fileRef = E00463AD26F5E93400422560 /* CouPlanTests.swift */; };
		E00463B926F5E93400422560 /* CouPlanUITests.swift in Sources */ = {isa = PBXBuildFile; fileRef = E00463B826F5E93400422560 /* CouPlanUITests.swift */; };
		E00463C726F8EF5200422560 /* OverviewViewController.swift in Sources */ = {isa = PBXBuildFile; fileRef = E00463C626F8EF5200422560 /* OverviewViewController.swift */; };
		E00463CB26FF1E5C00422560 /* ShoppingListViewController.swift in Sources */ = {isa = PBXBuildFile; fileRef = E00463CA26FF1E5C00422560 /* ShoppingListViewController.swift */; };
		E01899AC2701F7F800029DBA /* Shoppinglist+Extensions.swift in Sources */ = {isa = PBXBuildFile; fileRef = E01899AB2701F7F800029DBA /* Shoppinglist+Extensions.swift */; };
		E01899AE2701F80A00029DBA /* Item+Extensions.swift in Sources */ = {isa = PBXBuildFile; fileRef = E01899AD2701F80A00029DBA /* Item+Extensions.swift */; };
		E01899B22701FA6300029DBA /* UpdateToAttributedStringsPolicy.swift in Sources */ = {isa = PBXBuildFile; fileRef = E01899B12701FA6300029DBA /* UpdateToAttributedStringsPolicy.swift */; };
		E01899B42701FA6E00029DBA /* Pathifier.swift in Sources */ = {isa = PBXBuildFile; fileRef = E01899B32701FA6E00029DBA /* Pathifier.swift */; };
		E03AF2902701B76600DB88AE /* ItemsListViewController.swift in Sources */ = {isa = PBXBuildFile; fileRef = E03AF28F2701B76500DB88AE /* ItemsListViewController.swift */; };
		E03AF2952701BC4300DB88AE /* Cell.swift in Sources */ = {isa = PBXBuildFile; fileRef = E03AF2942701BC4300DB88AE /* Cell.swift */; };
		E03AF2972701BC7E00DB88AE /* ShoppinglistCell.swift in Sources */ = {isa = PBXBuildFile; fileRef = E03AF2962701BC7E00DB88AE /* ShoppinglistCell.swift */; };
		E03AF2992701BC8A00DB88AE /* ItemCell.swift in Sources */ = {isa = PBXBuildFile; fileRef = E03AF2982701BC8A00DB88AE /* ItemCell.swift */; };
		E06F187F270A40E900008CF9 /* TextField.swift in Sources */ = {isa = PBXBuildFile; fileRef = E06F187E270A40E900008CF9 /* TextField.swift */; };
		E06F1882270B32DB00008CF9 /* Button.swift in Sources */ = {isa = PBXBuildFile; fileRef = E06F1881270B32DB00008CF9 /* Button.swift */; };
		E06F1884270CBF4E00008CF9 /* NavBar.swift in Sources */ = {isa = PBXBuildFile; fileRef = E06F1883270CBF4E00008CF9 /* NavBar.swift */; };
		E06F1886270CC0F700008CF9 /* Background.swift in Sources */ = {isa = PBXBuildFile; fileRef = E06F1885270CC0F700008CF9 /* Background.swift */; };
		E06F1888270CC2DA00008CF9 /* BarButton.swift in Sources */ = {isa = PBXBuildFile; fileRef = E06F1887270CC2DA00008CF9 /* BarButton.swift */; };
		E06F188A270E307400008CF9 /* ToolBar.swift in Sources */ = {isa = PBXBuildFile; fileRef = E06F1889270E307400008CF9 /* ToolBar.swift */; };
		E080D727270EF4760066A527 /* SignUpViewController.swift in Sources */ = {isa = PBXBuildFile; fileRef = E080D726270EF4760066A527 /* SignUpViewController.swift */; };
		E0B8C6C327010DC200A35C43 /* DataController.swift in Sources */ = {isa = PBXBuildFile; fileRef = E0B8C6C227010DC200A35C43 /* DataController.swift */; };
		E0B8C6C627010F2A00A35C43 /* CouPlan.xcdatamodeld in Sources */ = {isa = PBXBuildFile; fileRef = E0B8C6C427010F2A00A35C43 /* CouPlan.xcdatamodeld */; };
		E0D0EFFB2711D01C000DFF50 /* RecipeImage.swift in Sources */ = {isa = PBXBuildFile; fileRef = E0D0EFFA2711D01C000DFF50 /* RecipeImage.swift */; };
		E0D0EFFD271499E1000DFF50 /* OneRecipeViewController.swift in Sources */ = {isa = PBXBuildFile; fileRef = E0D0EFFC271499E1000DFF50 /* OneRecipeViewController.swift */; };
		E0DB230C27108F3100A8F95B /* RecipesViewController.swift in Sources */ = {isa = PBXBuildFile; fileRef = E0DB230B27108F3100A8F95B /* RecipesViewController.swift */; };
		E0DB230E2710939900A8F95B /* RecipesCell.swift in Sources */ = {isa = PBXBuildFile; fileRef = E0DB230D2710939900A8F95B /* RecipesCell.swift */; };
		E0DB23102710EB3F00A8F95B /* API.swift in Sources */ = {isa = PBXBuildFile; fileRef = E0DB230F2710EB3F00A8F95B /* API.swift */; };
		E0DB23142710EB8A00A8F95B /* RecipeResponse.swift in Sources */ = {isa = PBXBuildFile; fileRef = E0DB23132710EB8A00A8F95B /* RecipeResponse.swift */; };
		E0FA871927075332003BC154 /* LoginViewController.swift in Sources */ = {isa = PBXBuildFile; fileRef = E0FA871827075332003BC154 /* LoginViewController.swift */; };
		E0FA871C2709DAC7003BC154 /* GoogleService-Info.plist in Resources */ = {isa = PBXBuildFile; fileRef = E0FA871B2709DAC7003BC154 /* GoogleService-Info.plist */; };
/* End PBXBuildFile section */

/* Begin PBXContainerItemProxy section */
		E00463AA26F5E93400422560 /* PBXContainerItemProxy */ = {
			isa = PBXContainerItemProxy;
			containerPortal = E004638B26F5E93000422560 /* Project object */;
			proxyType = 1;
			remoteGlobalIDString = E004639226F5E93000422560;
			remoteInfo = CouPlan;
		};
		E00463B526F5E93400422560 /* PBXContainerItemProxy */ = {
			isa = PBXContainerItemProxy;
			containerPortal = E004638B26F5E93000422560 /* Project object */;
			proxyType = 1;
			remoteGlobalIDString = E004639226F5E93000422560;
			remoteInfo = CouPlan;
		};
/* End PBXContainerItemProxy section */

/* Begin PBXFileReference section */
		4DD6A4C1FFE7BAE80492DB4C /* Pods-CouPlan.release.xcconfig */ = {isa = PBXFileReference; includeInIndex = 1; lastKnownFileType = text.xcconfig; name = "Pods-CouPlan.release.xcconfig"; path = "Target Support Files/Pods-CouPlan/Pods-CouPlan.release.xcconfig"; sourceTree = "<group>"; };
		53FD5193EAD2DD4BC13FAD38 /* Pods_CouPlan.framework */ = {isa = PBXFileReference; explicitFileType = wrapper.framework; includeInIndex = 0; path = Pods_CouPlan.framework; sourceTree = BUILT_PRODUCTS_DIR; };
		7153019968B5A26FAD7ACF91 /* Pods-CouPlan.debug.xcconfig */ = {isa = PBXFileReference; includeInIndex = 1; lastKnownFileType = text.xcconfig; name = "Pods-CouPlan.debug.xcconfig"; path = "Target Support Files/Pods-CouPlan/Pods-CouPlan.debug.xcconfig"; sourceTree = "<group>"; };
		E004639326F5E93000422560 /* CouPlan.app */ = {isa = PBXFileReference; explicitFileType = wrapper.application; includeInIndex = 0; path = CouPlan.app; sourceTree = BUILT_PRODUCTS_DIR; };
		E004639626F5E93000422560 /* AppDelegate.swift */ = {isa = PBXFileReference; lastKnownFileType = sourcecode.swift; path = AppDelegate.swift; sourceTree = "<group>"; };
		E004639826F5E93000422560 /* SceneDelegate.swift */ = {isa = PBXFileReference; lastKnownFileType = sourcecode.swift; path = SceneDelegate.swift; sourceTree = "<group>"; };
		E004639A26F5E93000422560 /* SettingsViewController.swift */ = {isa = PBXFileReference; lastKnownFileType = sourcecode.swift; path = SettingsViewController.swift; sourceTree = "<group>"; };
		E004639D26F5E93000422560 /* Base */ = {isa = PBXFileReference; lastKnownFileType = file.storyboard; name = Base; path = Base.lproj/Main.storyboard; sourceTree = "<group>"; };
		E004639F26F5E93300422560 /* Assets.xcassets */ = {isa = PBXFileReference; lastKnownFileType = folder.assetcatalog; path = Assets.xcassets; sourceTree = "<group>"; };
		E00463A226F5E93300422560 /* Base */ = {isa = PBXFileReference; lastKnownFileType = file.storyboard; name = Base; path = Base.lproj/LaunchScreen.storyboard; sourceTree = "<group>"; };
		E00463A426F5E93300422560 /* Info.plist */ = {isa = PBXFileReference; lastKnownFileType = text.plist.xml; path = Info.plist; sourceTree = "<group>"; };
		E00463A926F5E93400422560 /* CouPlanTests.xctest */ = {isa = PBXFileReference; explicitFileType = wrapper.cfbundle; includeInIndex = 0; path = CouPlanTests.xctest; sourceTree = BUILT_PRODUCTS_DIR; };
		E00463AD26F5E93400422560 /* CouPlanTests.swift */ = {isa = PBXFileReference; lastKnownFileType = sourcecode.swift; path = CouPlanTests.swift; sourceTree = "<group>"; };
		E00463AF26F5E93400422560 /* Info.plist */ = {isa = PBXFileReference; lastKnownFileType = text.plist.xml; path = Info.plist; sourceTree = "<group>"; };
		E00463B426F5E93400422560 /* CouPlanUITests.xctest */ = {isa = PBXFileReference; explicitFileType = wrapper.cfbundle; includeInIndex = 0; path = CouPlanUITests.xctest; sourceTree = BUILT_PRODUCTS_DIR; };
		E00463B826F5E93400422560 /* CouPlanUITests.swift */ = {isa = PBXFileReference; lastKnownFileType = sourcecode.swift; path = CouPlanUITests.swift; sourceTree = "<group>"; };
		E00463BA26F5E93400422560 /* Info.plist */ = {isa = PBXFileReference; lastKnownFileType = text.plist.xml; path = Info.plist; sourceTree = "<group>"; };
		E00463C626F8EF5200422560 /* OverviewViewController.swift */ = {isa = PBXFileReference; lastKnownFileType = sourcecode.swift; path = OverviewViewController.swift; sourceTree = "<group>"; };
		E00463CA26FF1E5C00422560 /* ShoppingListViewController.swift */ = {isa = PBXFileReference; lastKnownFileType = sourcecode.swift; path = ShoppingListViewController.swift; sourceTree = "<group>"; };
		E01899AB2701F7F800029DBA /* Shoppinglist+Extensions.swift */ = {isa = PBXFileReference; lastKnownFileType = sourcecode.swift; path = "Shoppinglist+Extensions.swift"; sourceTree = "<group>"; };
		E01899AD2701F80A00029DBA /* Item+Extensions.swift */ = {isa = PBXFileReference; lastKnownFileType = sourcecode.swift; path = "Item+Extensions.swift"; sourceTree = "<group>"; };
		E01899B12701FA6300029DBA /* UpdateToAttributedStringsPolicy.swift */ = {isa = PBXFileReference; fileEncoding = 4; lastKnownFileType = sourcecode.swift; path = UpdateToAttributedStringsPolicy.swift; sourceTree = "<group>"; };
		E01899B32701FA6E00029DBA /* Pathifier.swift */ = {isa = PBXFileReference; fileEncoding = 4; lastKnownFileType = sourcecode.swift; path = Pathifier.swift; sourceTree = "<group>"; };
		E03AF28F2701B76500DB88AE /* ItemsListViewController.swift */ = {isa = PBXFileReference; lastKnownFileType = sourcecode.swift; path = ItemsListViewController.swift; sourceTree = "<group>"; };
		E03AF2942701BC4300DB88AE /* Cell.swift */ = {isa = PBXFileReference; lastKnownFileType = sourcecode.swift; path = Cell.swift; sourceTree = "<group>"; };
		E03AF2962701BC7E00DB88AE /* ShoppinglistCell.swift */ = {isa = PBXFileReference; lastKnownFileType = sourcecode.swift; path = ShoppinglistCell.swift; sourceTree = "<group>"; };
		E03AF2982701BC8A00DB88AE /* ItemCell.swift */ = {isa = PBXFileReference; lastKnownFileType = sourcecode.swift; path = ItemCell.swift; sourceTree = "<group>"; };
		E06F187E270A40E900008CF9 /* TextField.swift */ = {isa = PBXFileReference; lastKnownFileType = sourcecode.swift; path = TextField.swift; sourceTree = "<group>"; };
		E06F1881270B32DB00008CF9 /* Button.swift */ = {isa = PBXFileReference; lastKnownFileType = sourcecode.swift; path = Button.swift; sourceTree = "<group>"; };
		E06F1883270CBF4E00008CF9 /* NavBar.swift */ = {isa = PBXFileReference; lastKnownFileType = sourcecode.swift; path = NavBar.swift; sourceTree = "<group>"; };
		E06F1885270CC0F700008CF9 /* Background.swift */ = {isa = PBXFileReference; lastKnownFileType = sourcecode.swift; path = Background.swift; sourceTree = "<group>"; };
		E06F1887270CC2DA00008CF9 /* BarButton.swift */ = {isa = PBXFileReference; lastKnownFileType = sourcecode.swift; path = BarButton.swift; sourceTree = "<group>"; };
		E06F1889270E307400008CF9 /* ToolBar.swift */ = {isa = PBXFileReference; lastKnownFileType = sourcecode.swift; path = ToolBar.swift; sourceTree = "<group>"; };
		E080D726270EF4760066A527 /* SignUpViewController.swift */ = {isa = PBXFileReference; lastKnownFileType = sourcecode.swift; path = SignUpViewController.swift; sourceTree = "<group>"; };
		E0B8C6C227010DC200A35C43 /* DataController.swift */ = {isa = PBXFileReference; lastKnownFileType = sourcecode.swift; path = DataController.swift; sourceTree = "<group>"; };
		E0B8C6C527010F2A00A35C43 /* CouPlan.xcdatamodel */ = {isa = PBXFileReference; lastKnownFileType = wrapper.xcdatamodel; path = CouPlan.xcdatamodel; sourceTree = "<group>"; };
		E0D0EFFA2711D01C000DFF50 /* RecipeImage.swift */ = {isa = PBXFileReference; lastKnownFileType = sourcecode.swift; path = RecipeImage.swift; sourceTree = "<group>"; };
		E0D0EFFC271499E1000DFF50 /* OneRecipeViewController.swift */ = {isa = PBXFileReference; lastKnownFileType = sourcecode.swift; path = OneRecipeViewController.swift; sourceTree = "<group>"; };
		E0DB230B27108F3100A8F95B /* RecipesViewController.swift */ = {isa = PBXFileReference; lastKnownFileType = sourcecode.swift; path = RecipesViewController.swift; sourceTree = "<group>"; };
		E0DB230D2710939900A8F95B /* RecipesCell.swift */ = {isa = PBXFileReference; lastKnownFileType = sourcecode.swift; path = RecipesCell.swift; sourceTree = "<group>"; };
		E0DB230F2710EB3F00A8F95B /* API.swift */ = {isa = PBXFileReference; lastKnownFileType = sourcecode.swift; path = API.swift; sourceTree = "<group>"; };
		E0DB23132710EB8A00A8F95B /* RecipeResponse.swift */ = {isa = PBXFileReference; lastKnownFileType = sourcecode.swift; path = RecipeResponse.swift; sourceTree = "<group>"; };
		E0FA871827075332003BC154 /* LoginViewController.swift */ = {isa = PBXFileReference; lastKnownFileType = sourcecode.swift; path = LoginViewController.swift; sourceTree = "<group>"; };
		E0FA871B2709DAC7003BC154 /* GoogleService-Info.plist */ = {isa = PBXFileReference; fileEncoding = 4; lastKnownFileType = text.plist.xml; path = "GoogleService-Info.plist"; sourceTree = "<group>"; };
/* End PBXFileReference section */

/* Begin PBXFrameworksBuildPhase section */
		E004639026F5E93000422560 /* Frameworks */ = {
			isa = PBXFrameworksBuildPhase;
			buildActionMask = 2147483647;
			files = (
				9DF9590F6AE0DCB6B5D3B09B /* Pods_CouPlan.framework in Frameworks */,
			);
			runOnlyForDeploymentPostprocessing = 0;
		};
		E00463A626F5E93400422560 /* Frameworks */ = {
			isa = PBXFrameworksBuildPhase;
			buildActionMask = 2147483647;
			files = (
			);
			runOnlyForDeploymentPostprocessing = 0;
		};
		E00463B126F5E93400422560 /* Frameworks */ = {
			isa = PBXFrameworksBuildPhase;
			buildActionMask = 2147483647;
			files = (
			);
			runOnlyForDeploymentPostprocessing = 0;
		};
/* End PBXFrameworksBuildPhase section */

/* Begin PBXGroup section */
		26FD68B27E301F6A1CB8D811 /* Pods */ = {
			isa = PBXGroup;
			children = (
				7153019968B5A26FAD7ACF91 /* Pods-CouPlan.debug.xcconfig */,
				4DD6A4C1FFE7BAE80492DB4C /* Pods-CouPlan.release.xcconfig */,
			);
			path = Pods;
			sourceTree = "<group>";
		};
		638489BCFA3A5819DE2CD221 /* Frameworks */ = {
			isa = PBXGroup;
			children = (
				53FD5193EAD2DD4BC13FAD38 /* Pods_CouPlan.framework */,
			);
			name = Frameworks;
			sourceTree = "<group>";
		};
		E004638A26F5E92F00422560 = {
			isa = PBXGroup;
			children = (
				E004639526F5E93000422560 /* CouPlan */,
				E00463AC26F5E93400422560 /* CouPlanTests */,
				E00463B726F5E93400422560 /* CouPlanUITests */,
				E004639426F5E93000422560 /* Products */,
				26FD68B27E301F6A1CB8D811 /* Pods */,
				638489BCFA3A5819DE2CD221 /* Frameworks */,
			);
			sourceTree = "<group>";
		};
		E004639426F5E93000422560 /* Products */ = {
			isa = PBXGroup;
			children = (
				E004639326F5E93000422560 /* CouPlan.app */,
				E00463A926F5E93400422560 /* CouPlanTests.xctest */,
				E00463B426F5E93400422560 /* CouPlanUITests.xctest */,
			);
			name = Products;
			sourceTree = "<group>";
		};
		E004639526F5E93000422560 /* CouPlan */ = {
			isa = PBXGroup;
			children = (
				E0FA871A2709DAB3003BC154 /* Supporting Files */,
				E03AF2912701BC1800DB88AE /* Views */,
				E03AF28E2701B72F00DB88AE /* View Controllers */,
				E0B8C6C127010DA600A35C43 /* Model */,
				E004639626F5E93000422560 /* AppDelegate.swift */,
				E004639826F5E93000422560 /* SceneDelegate.swift */,
				E004639C26F5E93000422560 /* Main.storyboard */,
				E004639F26F5E93300422560 /* Assets.xcassets */,
				E00463A126F5E93300422560 /* LaunchScreen.storyboard */,
				E00463A426F5E93300422560 /* Info.plist */,
			);
			path = CouPlan;
			sourceTree = "<group>";
		};
		E00463AC26F5E93400422560 /* CouPlanTests */ = {
			isa = PBXGroup;
			children = (
				E00463AD26F5E93400422560 /* CouPlanTests.swift */,
				E00463AF26F5E93400422560 /* Info.plist */,
			);
			path = CouPlanTests;
			sourceTree = "<group>";
		};
		E00463B726F5E93400422560 /* CouPlanUITests */ = {
			isa = PBXGroup;
			children = (
				E00463B826F5E93400422560 /* CouPlanUITests.swift */,
				E00463BA26F5E93400422560 /* Info.plist */,
			);
			path = CouPlanUITests;
			sourceTree = "<group>";
		};
		E01899AA2701F7CA00029DBA /* Managed Object Extensions */ = {
			isa = PBXGroup;
			children = (
				E01899AB2701F7F800029DBA /* Shoppinglist+Extensions.swift */,
				E01899AD2701F80A00029DBA /* Item+Extensions.swift */,
			);
			path = "Managed Object Extensions";
			sourceTree = "<group>";
		};
		E03AF28E2701B72F00DB88AE /* View Controllers */ = {
			isa = PBXGroup;
			children = (
				E004639A26F5E93000422560 /* SettingsViewController.swift */,
				E00463C626F8EF5200422560 /* OverviewViewController.swift */,
				E00463CA26FF1E5C00422560 /* ShoppingListViewController.swift */,
				E03AF28F2701B76500DB88AE /* ItemsListViewController.swift */,
				E0FA871827075332003BC154 /* LoginViewController.swift */,
				E080D726270EF4760066A527 /* SignUpViewController.swift */,
				E0DB230B27108F3100A8F95B /* RecipesViewController.swift */,
				E0D0EFFC271499E1000DFF50 /* OneRecipeViewController.swift */,
			);
			path = "View Controllers";
			sourceTree = "<group>";
		};
		E03AF2912701BC1800DB88AE /* Views */ = {
			isa = PBXGroup;
			children = (
				E06F1880270B32B900008CF9 /* Design */,
				E03AF2932701BC2800DB88AE /* Protocols */,
				E03AF2922701BC1F00DB88AE /* Cells */,
			);
			path = Views;
			sourceTree = "<group>";
		};
		E03AF2922701BC1F00DB88AE /* Cells */ = {
			isa = PBXGroup;
			children = (
				E03AF2962701BC7E00DB88AE /* ShoppinglistCell.swift */,
				E03AF2982701BC8A00DB88AE /* ItemCell.swift */,
				E0DB230D2710939900A8F95B /* RecipesCell.swift */,
			);
			path = Cells;
			sourceTree = "<group>";
		};
		E03AF2932701BC2800DB88AE /* Protocols */ = {
			isa = PBXGroup;
			children = (
				E03AF2942701BC4300DB88AE /* Cell.swift */,
			);
			path = Protocols;
			sourceTree = "<group>";
		};
		E06F1880270B32B900008CF9 /* Design */ = {
			isa = PBXGroup;
			children = (
				E06F187E270A40E900008CF9 /* TextField.swift */,
				E06F1881270B32DB00008CF9 /* Button.swift */,
				E06F1883270CBF4E00008CF9 /* NavBar.swift */,
				E06F1885270CC0F700008CF9 /* Background.swift */,
				E06F1887270CC2DA00008CF9 /* BarButton.swift */,
				E06F1889270E307400008CF9 /* ToolBar.swift */,
			);
			path = Design;
			sourceTree = "<group>";
		};
		E0B8C6C127010DA600A35C43 /* Model */ = {
			isa = PBXGroup;
			children = (
				E0DB23122710EB6900A8F95B /* Responses */,
				E0DB23112710EB4800A8F95B /* API */,
				E01899AA2701F7CA00029DBA /* Managed Object Extensions */,
				E0B8C6C227010DC200A35C43 /* DataController.swift */,
				E01899B12701FA6300029DBA /* UpdateToAttributedStringsPolicy.swift */,
				E01899B32701FA6E00029DBA /* Pathifier.swift */,
				E0B8C6C427010F2A00A35C43 /* CouPlan.xcdatamodeld */,
				E0D0EFFA2711D01C000DFF50 /* RecipeImage.swift */,
			);
			path = Model;
			sourceTree = "<group>";
		};
		E0DB23112710EB4800A8F95B /* API */ = {
			isa = PBXGroup;
			children = (
				E0DB230F2710EB3F00A8F95B /* API.swift */,
			);
			path = API;
			sourceTree = "<group>";
		};
		E0DB23122710EB6900A8F95B /* Responses */ = {
			isa = PBXGroup;
			children = (
				E0DB23132710EB8A00A8F95B /* RecipeResponse.swift */,
			);
			path = Responses;
			sourceTree = "<group>";
		};
		E0FA871A2709DAB3003BC154 /* Supporting Files */ = {
			isa = PBXGroup;
			children = (
				E0FA871B2709DAC7003BC154 /* GoogleService-Info.plist */,
			);
			path = "Supporting Files";
			sourceTree = "<group>";
		};
/* End PBXGroup section */

/* Begin PBXNativeTarget section */
		E004639226F5E93000422560 /* CouPlan */ = {
			isa = PBXNativeTarget;
			buildConfigurationList = E00463BD26F5E93400422560 /* Build configuration list for PBXNativeTarget "CouPlan" */;
			buildPhases = (
				371014AF8DC143FCD0E63EB2 /* [CP] Check Pods Manifest.lock */,
				E004638F26F5E93000422560 /* Sources */,
				E004639026F5E93000422560 /* Frameworks */,
				E004639126F5E93000422560 /* Resources */,
				C80602613A6F80E7C63D9DB7 /* [CP] Embed Pods Frameworks */,
				FB888DF26CD71CE2867A7C05 /* [CP] Copy Pods Resources */,
			);
			buildRules = (
			);
			dependencies = (
			);
			name = CouPlan;
			productName = CouPlan;
			productReference = E004639326F5E93000422560 /* CouPlan.app */;
			productType = "com.apple.product-type.application";
		};
		E00463A826F5E93400422560 /* CouPlanTests */ = {
			isa = PBXNativeTarget;
			buildConfigurationList = E00463C026F5E93400422560 /* Build configuration list for PBXNativeTarget "CouPlanTests" */;
			buildPhases = (
				E00463A526F5E93400422560 /* Sources */,
				E00463A626F5E93400422560 /* Frameworks */,
				E00463A726F5E93400422560 /* Resources */,
			);
			buildRules = (
			);
			dependencies = (
				E00463AB26F5E93400422560 /* PBXTargetDependency */,
			);
			name = CouPlanTests;
			productName = CouPlanTests;
			productReference = E00463A926F5E93400422560 /* CouPlanTests.xctest */;
			productType = "com.apple.product-type.bundle.unit-test";
		};
		E00463B326F5E93400422560 /* CouPlanUITests */ = {
			isa = PBXNativeTarget;
			buildConfigurationList = E00463C326F5E93400422560 /* Build configuration list for PBXNativeTarget "CouPlanUITests" */;
			buildPhases = (
				E00463B026F5E93400422560 /* Sources */,
				E00463B126F5E93400422560 /* Frameworks */,
				E00463B226F5E93400422560 /* Resources */,
			);
			buildRules = (
			);
			dependencies = (
				E00463B626F5E93400422560 /* PBXTargetDependency */,
			);
			name = CouPlanUITests;
			productName = CouPlanUITests;
			productReference = E00463B426F5E93400422560 /* CouPlanUITests.xctest */;
			productType = "com.apple.product-type.bundle.ui-testing";
		};
/* End PBXNativeTarget section */

/* Begin PBXProject section */
		E004638B26F5E93000422560 /* Project object */ = {
			isa = PBXProject;
			attributes = {
				LastSwiftUpdateCheck = 1250;
				LastUpgradeCheck = 1250;
				TargetAttributes = {
					E004639226F5E93000422560 = {
						CreatedOnToolsVersion = 12.5.1;
					};
					E00463A826F5E93400422560 = {
						CreatedOnToolsVersion = 12.5.1;
						TestTargetID = E004639226F5E93000422560;
					};
					E00463B326F5E93400422560 = {
						CreatedOnToolsVersion = 12.5.1;
						TestTargetID = E004639226F5E93000422560;
					};
				};
			};
			buildConfigurationList = E004638E26F5E93000422560 /* Build configuration list for PBXProject "CouPlan" */;
			compatibilityVersion = "Xcode 9.3";
			developmentRegion = en;
			hasScannedForEncodings = 0;
			knownRegions = (
				en,
				Base,
			);
			mainGroup = E004638A26F5E92F00422560;
			productRefGroup = E004639426F5E93000422560 /* Products */;
			projectDirPath = "";
			projectRoot = "";
			targets = (
				E004639226F5E93000422560 /* CouPlan */,
				E00463A826F5E93400422560 /* CouPlanTests */,
				E00463B326F5E93400422560 /* CouPlanUITests */,
			);
		};
/* End PBXProject section */

/* Begin PBXResourcesBuildPhase section */
		E004639126F5E93000422560 /* Resources */ = {
			isa = PBXResourcesBuildPhase;
			buildActionMask = 2147483647;
			files = (
				E0FA871C2709DAC7003BC154 /* GoogleService-Info.plist in Resources */,
				E00463A326F5E93300422560 /* LaunchScreen.storyboard in Resources */,
				E00463A026F5E93300422560 /* Assets.xcassets in Resources */,
				E004639E26F5E93000422560 /* Main.storyboard in Resources */,
			);
			runOnlyForDeploymentPostprocessing = 0;
		};
		E00463A726F5E93400422560 /* Resources */ = {
			isa = PBXResourcesBuildPhase;
			buildActionMask = 2147483647;
			files = (
			);
			runOnlyForDeploymentPostprocessing = 0;
		};
		E00463B226F5E93400422560 /* Resources */ = {
			isa = PBXResourcesBuildPhase;
			buildActionMask = 2147483647;
			files = (
			);
			runOnlyForDeploymentPostprocessing = 0;
		};
/* End PBXResourcesBuildPhase section */

/* Begin PBXShellScriptBuildPhase section */
		371014AF8DC143FCD0E63EB2 /* [CP] Check Pods Manifest.lock */ = {
			isa = PBXShellScriptBuildPhase;
			buildActionMask = 2147483647;
			files = (
			);
			inputFileListPaths = (
			);
			inputPaths = (
				"${PODS_PODFILE_DIR_PATH}/Podfile.lock",
				"${PODS_ROOT}/Manifest.lock",
			);
			name = "[CP] Check Pods Manifest.lock";
			outputFileListPaths = (
			);
			outputPaths = (
				"$(DERIVED_FILE_DIR)/Pods-CouPlan-checkManifestLockResult.txt",
			);
			runOnlyForDeploymentPostprocessing = 0;
			shellPath = /bin/sh;
			shellScript = "diff \"${PODS_PODFILE_DIR_PATH}/Podfile.lock\" \"${PODS_ROOT}/Manifest.lock\" > /dev/null\nif [ $? != 0 ] ; then\n    # print error to STDERR\n    echo \"error: The sandbox is not in sync with the Podfile.lock. Run 'pod install' or update your CocoaPods installation.\" >&2\n    exit 1\nfi\n# This output is used by Xcode 'outputs' to avoid re-running this script phase.\necho \"SUCCESS\" > \"${SCRIPT_OUTPUT_FILE_0}\"\n";
			showEnvVarsInLog = 0;
		};
		C80602613A6F80E7C63D9DB7 /* [CP] Embed Pods Frameworks */ = {
			isa = PBXShellScriptBuildPhase;
			buildActionMask = 2147483647;
			files = (
			);
			inputFileListPaths = (
				"${PODS_ROOT}/Target Support Files/Pods-CouPlan/Pods-CouPlan-frameworks-${CONFIGURATION}-input-files.xcfilelist",
			);
			name = "[CP] Embed Pods Frameworks";
			outputFileListPaths = (
				"${PODS_ROOT}/Target Support Files/Pods-CouPlan/Pods-CouPlan-frameworks-${CONFIGURATION}-output-files.xcfilelist",
			);
			runOnlyForDeploymentPostprocessing = 0;
			shellPath = /bin/sh;
			shellScript = "\"${PODS_ROOT}/Target Support Files/Pods-CouPlan/Pods-CouPlan-frameworks.sh\"\n";
			showEnvVarsInLog = 0;
		};
		FB888DF26CD71CE2867A7C05 /* [CP] Copy Pods Resources */ = {
			isa = PBXShellScriptBuildPhase;
			buildActionMask = 2147483647;
			files = (
			);
			inputFileListPaths = (
				"${PODS_ROOT}/Target Support Files/Pods-CouPlan/Pods-CouPlan-resources-${CONFIGURATION}-input-files.xcfilelist",
			);
			name = "[CP] Copy Pods Resources";
			outputFileListPaths = (
				"${PODS_ROOT}/Target Support Files/Pods-CouPlan/Pods-CouPlan-resources-${CONFIGURATION}-output-files.xcfilelist",
			);
			runOnlyForDeploymentPostprocessing = 0;
			shellPath = /bin/sh;
			shellScript = "\"${PODS_ROOT}/Target Support Files/Pods-CouPlan/Pods-CouPlan-resources.sh\"\n";
			showEnvVarsInLog = 0;
		};
/* End PBXShellScriptBuildPhase section */

/* Begin PBXSourcesBuildPhase section */
		E004638F26F5E93000422560 /* Sources */ = {
			isa = PBXSourcesBuildPhase;
			buildActionMask = 2147483647;
			files = (
				E01899B22701FA6300029DBA /* UpdateToAttributedStringsPolicy.swift in Sources */,
				E004639B26F5E93000422560 /* SettingsViewController.swift in Sources */,
				E06F1884270CBF4E00008CF9 /* NavBar.swift in Sources */,
				E0DB230E2710939900A8F95B /* RecipesCell.swift in Sources */,
				E0B8C6C327010DC200A35C43 /* DataController.swift in Sources */,
				E06F187F270A40E900008CF9 /* TextField.swift in Sources */,
				E0DB23102710EB3F00A8F95B /* API.swift in Sources */,
				E0DB23142710EB8A00A8F95B /* RecipeResponse.swift in Sources */,
				E00463CB26FF1E5C00422560 /* ShoppingListViewController.swift in Sources */,
				E080D727270EF4760066A527 /* SignUpViewController.swift in Sources */,
				E01899AC2701F7F800029DBA /* Shoppinglist+Extensions.swift in Sources */,
				E03AF2992701BC8A00DB88AE /* ItemCell.swift in Sources */,
				E06F1882270B32DB00008CF9 /* Button.swift in Sources */,
				E00463C726F8EF5200422560 /* OverviewViewController.swift in Sources */,
				E004639726F5E93000422560 /* AppDelegate.swift in Sources */,
				E03AF2972701BC7E00DB88AE /* ShoppinglistCell.swift in Sources */,
				E03AF2952701BC4300DB88AE /* Cell.swift in Sources */,
				E03AF2902701B76600DB88AE /* ItemsListViewController.swift in Sources */,
				E004639926F5E93000422560 /* SceneDelegate.swift in Sources */,
				E0D0EFFB2711D01C000DFF50 /* RecipeImage.swift in Sources */,
				E0DB230C27108F3100A8F95B /* RecipesViewController.swift in Sources */,
				E06F1888270CC2DA00008CF9 /* BarButton.swift in Sources */,
				E0FA871927075332003BC154 /* LoginViewController.swift in Sources */,
				E01899AE2701F80A00029DBA /* Item+Extensions.swift in Sources */,
				E0B8C6C627010F2A00A35C43 /* CouPlan.xcdatamodeld in Sources */,
				E01899B42701FA6E00029DBA /* Pathifier.swift in Sources */,
				E0D0EFFD271499E1000DFF50 /* OneRecipeViewController.swift in Sources */,
				E06F1886270CC0F700008CF9 /* Background.swift in Sources */,
				E06F188A270E307400008CF9 /* ToolBar.swift in Sources */,
			);
			runOnlyForDeploymentPostprocessing = 0;
		};
		E00463A526F5E93400422560 /* Sources */ = {
			isa = PBXSourcesBuildPhase;
			buildActionMask = 2147483647;
			files = (
				E00463AE26F5E93400422560 /* CouPlanTests.swift in Sources */,
			);
			runOnlyForDeploymentPostprocessing = 0;
		};
		E00463B026F5E93400422560 /* Sources */ = {
			isa = PBXSourcesBuildPhase;
			buildActionMask = 2147483647;
			files = (
				E00463B926F5E93400422560 /* CouPlanUITests.swift in Sources */,
			);
			runOnlyForDeploymentPostprocessing = 0;
		};
/* End PBXSourcesBuildPhase section */

/* Begin PBXTargetDependency section */
		E00463AB26F5E93400422560 /* PBXTargetDependency */ = {
			isa = PBXTargetDependency;
			target = E004639226F5E93000422560 /* CouPlan */;
			targetProxy = E00463AA26F5E93400422560 /* PBXContainerItemProxy */;
		};
		E00463B626F5E93400422560 /* PBXTargetDependency */ = {
			isa = PBXTargetDependency;
			target = E004639226F5E93000422560 /* CouPlan */;
			targetProxy = E00463B526F5E93400422560 /* PBXContainerItemProxy */;
		};
/* End PBXTargetDependency section */

/* Begin PBXVariantGroup section */
		E004639C26F5E93000422560 /* Main.storyboard */ = {
			isa = PBXVariantGroup;
			children = (
				E004639D26F5E93000422560 /* Base */,
			);
			name = Main.storyboard;
			sourceTree = "<group>";
		};
		E00463A126F5E93300422560 /* LaunchScreen.storyboard */ = {
			isa = PBXVariantGroup;
			children = (
				E00463A226F5E93300422560 /* Base */,
			);
			name = LaunchScreen.storyboard;
			sourceTree = "<group>";
		};
/* End PBXVariantGroup section */

/* Begin XCBuildConfiguration section */
		E00463BB26F5E93400422560 /* Debug */ = {
			isa = XCBuildConfiguration;
			buildSettings = {
				ALWAYS_SEARCH_USER_PATHS = NO;
				CLANG_ANALYZER_NONNULL = YES;
				CLANG_ANALYZER_NUMBER_OBJECT_CONVERSION = YES_AGGRESSIVE;
				CLANG_CXX_LANGUAGE_STANDARD = "gnu++14";
				CLANG_CXX_LIBRARY = "libc++";
				CLANG_ENABLE_MODULES = YES;
				CLANG_ENABLE_OBJC_ARC = YES;
				CLANG_ENABLE_OBJC_WEAK = YES;
				CLANG_WARN_BLOCK_CAPTURE_AUTORELEASING = YES;
				CLANG_WARN_BOOL_CONVERSION = YES;
				CLANG_WARN_COMMA = YES;
				CLANG_WARN_CONSTANT_CONVERSION = YES;
				CLANG_WARN_DEPRECATED_OBJC_IMPLEMENTATIONS = YES;
				CLANG_WARN_DIRECT_OBJC_ISA_USAGE = YES_ERROR;
				CLANG_WARN_DOCUMENTATION_COMMENTS = YES;
				CLANG_WARN_EMPTY_BODY = YES;
				CLANG_WARN_ENUM_CONVERSION = YES;
				CLANG_WARN_INFINITE_RECURSION = YES;
				CLANG_WARN_INT_CONVERSION = YES;
				CLANG_WARN_NON_LITERAL_NULL_CONVERSION = YES;
				CLANG_WARN_OBJC_IMPLICIT_RETAIN_SELF = YES;
				CLANG_WARN_OBJC_LITERAL_CONVERSION = YES;
				CLANG_WARN_OBJC_ROOT_CLASS = YES_ERROR;
				CLANG_WARN_QUOTED_INCLUDE_IN_FRAMEWORK_HEADER = YES;
				CLANG_WARN_RANGE_LOOP_ANALYSIS = YES;
				CLANG_WARN_STRICT_PROTOTYPES = YES;
				CLANG_WARN_SUSPICIOUS_MOVE = YES;
				CLANG_WARN_UNGUARDED_AVAILABILITY = YES_AGGRESSIVE;
				CLANG_WARN_UNREACHABLE_CODE = YES;
				CLANG_WARN__DUPLICATE_METHOD_MATCH = YES;
				COPY_PHASE_STRIP = NO;
				DEBUG_INFORMATION_FORMAT = dwarf;
				ENABLE_STRICT_OBJC_MSGSEND = YES;
				ENABLE_TESTABILITY = YES;
				GCC_C_LANGUAGE_STANDARD = gnu11;
				GCC_DYNAMIC_NO_PIC = NO;
				GCC_NO_COMMON_BLOCKS = YES;
				GCC_OPTIMIZATION_LEVEL = 0;
				GCC_PREPROCESSOR_DEFINITIONS = (
					"DEBUG=1",
					"$(inherited)",
				);
				GCC_WARN_64_TO_32_BIT_CONVERSION = YES;
				GCC_WARN_ABOUT_RETURN_TYPE = YES_ERROR;
				GCC_WARN_UNDECLARED_SELECTOR = YES;
				GCC_WARN_UNINITIALIZED_AUTOS = YES_AGGRESSIVE;
				GCC_WARN_UNUSED_FUNCTION = YES;
				GCC_WARN_UNUSED_VARIABLE = YES;
				IPHONEOS_DEPLOYMENT_TARGET = 14.5;
				MTL_ENABLE_DEBUG_INFO = INCLUDE_SOURCE;
				MTL_FAST_MATH = YES;
				ONLY_ACTIVE_ARCH = YES;
				SDKROOT = iphoneos;
				SWIFT_ACTIVE_COMPILATION_CONDITIONS = DEBUG;
				SWIFT_OPTIMIZATION_LEVEL = "-Onone";
			};
			name = Debug;
		};
		E00463BC26F5E93400422560 /* Release */ = {
			isa = XCBuildConfiguration;
			buildSettings = {
				ALWAYS_SEARCH_USER_PATHS = NO;
				CLANG_ANALYZER_NONNULL = YES;
				CLANG_ANALYZER_NUMBER_OBJECT_CONVERSION = YES_AGGRESSIVE;
				CLANG_CXX_LANGUAGE_STANDARD = "gnu++14";
				CLANG_CXX_LIBRARY = "libc++";
				CLANG_ENABLE_MODULES = YES;
				CLANG_ENABLE_OBJC_ARC = YES;
				CLANG_ENABLE_OBJC_WEAK = YES;
				CLANG_WARN_BLOCK_CAPTURE_AUTORELEASING = YES;
				CLANG_WARN_BOOL_CONVERSION = YES;
				CLANG_WARN_COMMA = YES;
				CLANG_WARN_CONSTANT_CONVERSION = YES;
				CLANG_WARN_DEPRECATED_OBJC_IMPLEMENTATIONS = YES;
				CLANG_WARN_DIRECT_OBJC_ISA_USAGE = YES_ERROR;
				CLANG_WARN_DOCUMENTATION_COMMENTS = YES;
				CLANG_WARN_EMPTY_BODY = YES;
				CLANG_WARN_ENUM_CONVERSION = YES;
				CLANG_WARN_INFINITE_RECURSION = YES;
				CLANG_WARN_INT_CONVERSION = YES;
				CLANG_WARN_NON_LITERAL_NULL_CONVERSION = YES;
				CLANG_WARN_OBJC_IMPLICIT_RETAIN_SELF = YES;
				CLANG_WARN_OBJC_LITERAL_CONVERSION = YES;
				CLANG_WARN_OBJC_ROOT_CLASS = YES_ERROR;
				CLANG_WARN_QUOTED_INCLUDE_IN_FRAMEWORK_HEADER = YES;
				CLANG_WARN_RANGE_LOOP_ANALYSIS = YES;
				CLANG_WARN_STRICT_PROTOTYPES = YES;
				CLANG_WARN_SUSPICIOUS_MOVE = YES;
				CLANG_WARN_UNGUARDED_AVAILABILITY = YES_AGGRESSIVE;
				CLANG_WARN_UNREACHABLE_CODE = YES;
				CLANG_WARN__DUPLICATE_METHOD_MATCH = YES;
				COPY_PHASE_STRIP = NO;
				DEBUG_INFORMATION_FORMAT = "dwarf-with-dsym";
				ENABLE_NS_ASSERTIONS = NO;
				ENABLE_STRICT_OBJC_MSGSEND = YES;
				GCC_C_LANGUAGE_STANDARD = gnu11;
				GCC_NO_COMMON_BLOCKS = YES;
				GCC_WARN_64_TO_32_BIT_CONVERSION = YES;
				GCC_WARN_ABOUT_RETURN_TYPE = YES_ERROR;
				GCC_WARN_UNDECLARED_SELECTOR = YES;
				GCC_WARN_UNINITIALIZED_AUTOS = YES_AGGRESSIVE;
				GCC_WARN_UNUSED_FUNCTION = YES;
				GCC_WARN_UNUSED_VARIABLE = YES;
				IPHONEOS_DEPLOYMENT_TARGET = 14.5;
				MTL_ENABLE_DEBUG_INFO = NO;
				MTL_FAST_MATH = YES;
				SDKROOT = iphoneos;
				SWIFT_COMPILATION_MODE = wholemodule;
				SWIFT_OPTIMIZATION_LEVEL = "-O";
				VALIDATE_PRODUCT = YES;
			};
			name = Release;
		};
		E00463BE26F5E93400422560 /* Debug */ = {
			isa = XCBuildConfiguration;
			baseConfigurationReference = 7153019968B5A26FAD7ACF91 /* Pods-CouPlan.debug.xcconfig */;
			buildSettings = {
				ASSETCATALOG_COMPILER_APPICON_NAME = AppIcon;
				ASSETCATALOG_COMPILER_GLOBAL_ACCENT_COLOR_NAME = AccentColor;
				CODE_SIGN_STYLE = Automatic;
				DEVELOPMENT_TEAM = QLVDLW382V;
				INFOPLIST_FILE = CouPlan/Info.plist;
				LD_RUNPATH_SEARCH_PATHS = (
					"$(inherited)",
					"@executable_path/Frameworks",
				);
				PRODUCT_BUNDLE_IDENTIFIER = com.udacity.CouPlan;
				PRODUCT_NAME = "$(TARGET_NAME)";
				SWIFT_VERSION = 5.0;
				TARGETED_DEVICE_FAMILY = "1,2";
			};
			name = Debug;
		};
		E00463BF26F5E93400422560 /* Release */ = {
			isa = XCBuildConfiguration;
			baseConfigurationReference = 4DD6A4C1FFE7BAE80492DB4C /* Pods-CouPlan.release.xcconfig */;
			buildSettings = {
				ASSETCATALOG_COMPILER_APPICON_NAME = AppIcon;
				ASSETCATALOG_COMPILER_GLOBAL_ACCENT_COLOR_NAME = AccentColor;
				CODE_SIGN_STYLE = Automatic;
				DEVELOPMENT_TEAM = QLVDLW382V;
				INFOPLIST_FILE = CouPlan/Info.plist;
				LD_RUNPATH_SEARCH_PATHS = (
					"$(inherited)",
					"@executable_path/Frameworks",
				);
				PRODUCT_BUNDLE_IDENTIFIER = com.udacity.CouPlan;
				PRODUCT_NAME = "$(TARGET_NAME)";
				SWIFT_VERSION = 5.0;
				TARGETED_DEVICE_FAMILY = "1,2";
			};
			name = Release;
		};
		E00463C126F5E93400422560 /* Debug */ = {
			isa = XCBuildConfiguration;
			buildSettings = {
				ALWAYS_EMBED_SWIFT_STANDARD_LIBRARIES = YES;
				BUNDLE_LOADER = "$(TEST_HOST)";
				CODE_SIGN_STYLE = Automatic;
				DEVELOPMENT_TEAM = QLVDLW382V;
				INFOPLIST_FILE = CouPlanTests/Info.plist;
				IPHONEOS_DEPLOYMENT_TARGET = 14.5;
				LD_RUNPATH_SEARCH_PATHS = (
					"$(inherited)",
					"@executable_path/Frameworks",
					"@loader_path/Frameworks",
				);
				PRODUCT_BUNDLE_IDENTIFIER = com.udacity.CouPlanTests;
				PRODUCT_NAME = "$(TARGET_NAME)";
				SWIFT_VERSION = 5.0;
				TARGETED_DEVICE_FAMILY = "1,2";
				TEST_HOST = "$(BUILT_PRODUCTS_DIR)/CouPlan.app/CouPlan";
			};
			name = Debug;
		};
		E00463C226F5E93400422560 /* Release */ = {
			isa = XCBuildConfiguration;
			buildSettings = {
				ALWAYS_EMBED_SWIFT_STANDARD_LIBRARIES = YES;
				BUNDLE_LOADER = "$(TEST_HOST)";
				CODE_SIGN_STYLE = Automatic;
				DEVELOPMENT_TEAM = QLVDLW382V;
				INFOPLIST_FILE = CouPlanTests/Info.plist;
				IPHONEOS_DEPLOYMENT_TARGET = 14.5;
				LD_RUNPATH_SEARCH_PATHS = (
					"$(inherited)",
					"@executable_path/Frameworks",
					"@loader_path/Frameworks",
				);
				PRODUCT_BUNDLE_IDENTIFIER = com.udacity.CouPlanTests;
				PRODUCT_NAME = "$(TARGET_NAME)";
				SWIFT_VERSION = 5.0;
				TARGETED_DEVICE_FAMILY = "1,2";
				TEST_HOST = "$(BUILT_PRODUCTS_DIR)/CouPlan.app/CouPlan";
			};
			name = Release;
		};
		E00463C426F5E93400422560 /* Debug */ = {
			isa = XCBuildConfiguration;
			buildSettings = {
				ALWAYS_EMBED_SWIFT_STANDARD_LIBRARIES = YES;
				CODE_SIGN_STYLE = Automatic;
				DEVELOPMENT_TEAM = QLVDLW382V;
				INFOPLIST_FILE = CouPlanUITests/Info.plist;
				LD_RUNPATH_SEARCH_PATHS = (
					"$(inherited)",
					"@executable_path/Frameworks",
					"@loader_path/Frameworks",
				);
				PRODUCT_BUNDLE_IDENTIFIER = com.udacity.CouPlanUITests;
				PRODUCT_NAME = "$(TARGET_NAME)";
				SWIFT_VERSION = 5.0;
				TARGETED_DEVICE_FAMILY = "1,2";
				TEST_TARGET_NAME = CouPlan;
			};
			name = Debug;
		};
		E00463C526F5E93400422560 /* Release */ = {
			isa = XCBuildConfiguration;
			buildSettings = {
				ALWAYS_EMBED_SWIFT_STANDARD_LIBRARIES = YES;
				CODE_SIGN_STYLE = Automatic;
				DEVELOPMENT_TEAM = QLVDLW382V;
				INFOPLIST_FILE = CouPlanUITests/Info.plist;
				LD_RUNPATH_SEARCH_PATHS = (
					"$(inherited)",
					"@executable_path/Frameworks",
					"@loader_path/Frameworks",
				);
				PRODUCT_BUNDLE_IDENTIFIER = com.udacity.CouPlanUITests;
				PRODUCT_NAME = "$(TARGET_NAME)";
				SWIFT_VERSION = 5.0;
				TARGETED_DEVICE_FAMILY = "1,2";
				TEST_TARGET_NAME = CouPlan;
			};
			name = Release;
		};
/* End XCBuildConfiguration section */

/* Begin XCConfigurationList section */
		E004638E26F5E93000422560 /* Build configuration list for PBXProject "CouPlan" */ = {
			isa = XCConfigurationList;
			buildConfigurations = (
				E00463BB26F5E93400422560 /* Debug */,
				E00463BC26F5E93400422560 /* Release */,
			);
			defaultConfigurationIsVisible = 0;
			defaultConfigurationName = Release;
		};
		E00463BD26F5E93400422560 /* Build configuration list for PBXNativeTarget "CouPlan" */ = {
			isa = XCConfigurationList;
			buildConfigurations = (
				E00463BE26F5E93400422560 /* Debug */,
				E00463BF26F5E93400422560 /* Release */,
			);
			defaultConfigurationIsVisible = 0;
			defaultConfigurationName = Release;
		};
		E00463C026F5E93400422560 /* Build configuration list for PBXNativeTarget "CouPlanTests" */ = {
			isa = XCConfigurationList;
			buildConfigurations = (
				E00463C126F5E93400422560 /* Debug */,
				E00463C226F5E93400422560 /* Release */,
			);
			defaultConfigurationIsVisible = 0;
			defaultConfigurationName = Release;
		};
		E00463C326F5E93400422560 /* Build configuration list for PBXNativeTarget "CouPlanUITests" */ = {
			isa = XCConfigurationList;
			buildConfigurations = (
				E00463C426F5E93400422560 /* Debug */,
				E00463C526F5E93400422560 /* Release */,
			);
			defaultConfigurationIsVisible = 0;
			defaultConfigurationName = Release;
		};
/* End XCConfigurationList section */

/* Begin XCVersionGroup section */
		E0B8C6C427010F2A00A35C43 /* CouPlan.xcdatamodeld */ = {
			isa = XCVersionGroup;
			children = (
				E0B8C6C527010F2A00A35C43 /* CouPlan.xcdatamodel */,
			);
			currentVersion = E0B8C6C527010F2A00A35C43 /* CouPlan.xcdatamodel */;
			path = CouPlan.xcdatamodeld;
			sourceTree = "<group>";
			versionGroupType = wrapper.xcdatamodel;
		};
/* End XCVersionGroup section */
	};
	rootObject = E004638B26F5E93000422560 /* Project object */;
}
